
Microsoft Visual Studio Solution File, Format Version 12.00
# Visual Studio Version 17
VisualStudioVersion = 17.3.32922.545
MinimumVisualStudioVersion = 10.0.40219.1
Project("{FAE04EC0-301F-11D3-BF4B-00C04F79EFBC}") = "LfdArchiver", "LFDArchiver\LfdArchiver.csproj", "{1B9B9704-A33F-4777-AF0A-7F1741EAB91D}"
EndProject
Project("{9A19103F-16F7-4668-BE54-9A1E7A4F7556}") = "LfdArchiverTests", "LfdArchiverTests\LfdArchiverTests.csproj", "{471E9DCF-19CC-4821-9CE0-9EEF9A642B6E}"
EndProject
Global
	GlobalSection(SolutionConfigurationPlatforms) = preSolution
		Debug|Any CPU = Debug|Any CPU
		Release|Any CPU = Release|Any CPU
	EndGlobalSection
	GlobalSection(ProjectConfigurationPlatforms) = postSolution
		{1B9B9704-A33F-4777-AF0A-7F1741EAB91D}.Debug|Any CPU.ActiveCfg = Debug|Any CPU
		{1B9B9704-A33F-4777-AF0A-7F1741EAB91D}.Debug|Any CPU.Build.0 = Debug|Any CPU
		{1B9B9704-A33F-4777-AF0A-7F1741EAB91D}.Release|Any CPU.ActiveCfg = Release|Any CPU
		{1B9B9704-A33F-4777-AF0A-7F1741EAB91D}.Release|Any CPU.Build.0 = Release|Any CPU
		{471E9DCF-19CC-4821-9CE0-9EEF9A642B6E}.Debug|Any CPU.ActiveCfg = Debug|Any CPU
		{471E9DCF-19CC-4821-9CE0-9EEF9A642B6E}.Debug|Any CPU.Build.0 = Debug|Any CPU
		{471E9DCF-19CC-4821-9CE0-9EEF9A642B6E}.Release|Any CPU.ActiveCfg = Release|Any CPU
		{471E9DCF-19CC-4821-9CE0-9EEF9A642B6E}.Release|Any CPU.Build.0 = Release|Any CPU
	EndGlobalSection
	GlobalSection(SolutionProperties) = preSolution
		HideSolutionNode = FALSE
	EndGlobalSection
	GlobalSection(ExtensibilityGlobals) = postSolution
		SolutionGuid = {1D492506-80A6-4188-8677-72791EEDBE5F}
	EndGlobalSection
EndGlobal
